
Microsoft Visual Studio Solution File, Format Version 12.00
# Visual Studio Version 16
VisualStudioVersion = 16.0.31624.102
MinimumVisualStudioVersion = 10.0.40219.1
Project("{FAE04EC0-301F-11D3-BF4B-00C04F79EFBC}") = "TestFunctionAppNet48", "TestFunctionApp\TestFunctionAppNet48.csproj", "{759B2236-E7DD-4175-91D8-6EE59FE8C358}"
EndProject
Project("{FAE04EC0-301F-11D3-BF4B-00C04F79EFBC}") = "TestFunctionAppNetCore31", "FunctionAppCore\TestFunctionAppNetCore31.csproj", "{C1DB6BD9-792B-451D-B82F-A71293BCDDCB}"
EndProject
Project("{FAE04EC0-301F-11D3-BF4B-00C04F79EFBC}") = "TestFunctionAppNet5", "TestFunctionAppNet5\TestFunctionAppNet5.csproj", "{FCCB9C00-3B96-4017-8466-3D16F891696C}"
EndProject
Project("{2150E333-8FDC-42A3-9474-1A3956D46DE8}") = "Solution Items", "Solution Items", "{2023F4E1-E813-4CBB-A6AA-05FEC62E456C}"
	ProjectSection(SolutionItems) = preProject
		Postman\Test.postman_collection.json = Postman\Test.postman_collection.json
	EndProjectSection
EndProject
Global
	GlobalSection(SolutionConfigurationPlatforms) = preSolution
		Debug|Any CPU = Debug|Any CPU
		Release|Any CPU = Release|Any CPU
	EndGlobalSection
	GlobalSection(ProjectConfigurationPlatforms) = postSolution
		{759B2236-E7DD-4175-91D8-6EE59FE8C358}.Debug|Any CPU.ActiveCfg = Debug|Any CPU
		{759B2236-E7DD-4175-91D8-6EE59FE8C358}.Debug|Any CPU.Build.0 = Debug|Any CPU
		{759B2236-E7DD-4175-91D8-6EE59FE8C358}.Release|Any CPU.ActiveCfg = Release|Any CPU
		{759B2236-E7DD-4175-91D8-6EE59FE8C358}.Release|Any CPU.Build.0 = Release|Any CPU
		{C1DB6BD9-792B-451D-B82F-A71293BCDDCB}.Debug|Any CPU.ActiveCfg = Debug|Any CPU
		{C1DB6BD9-792B-451D-B82F-A71293BCDDCB}.Debug|Any CPU.Build.0 = Debug|Any CPU
		{C1DB6BD9-792B-451D-B82F-A71293BCDDCB}.Release|Any CPU.ActiveCfg = Release|Any CPU
		{C1DB6BD9-792B-451D-B82F-A71293BCDDCB}.Release|Any CPU.Build.0 = Release|Any CPU
		{FCCB9C00-3B96-4017-8466-3D16F891696C}.Debug|Any CPU.ActiveCfg = Debug|Any CPU
		{FCCB9C00-3B96-4017-8466-3D16F891696C}.Debug|Any CPU.Build.0 = Debug|Any CPU
		{FCCB9C00-3B96-4017-8466-3D16F891696C}.Release|Any CPU.ActiveCfg = Release|Any CPU
		{FCCB9C00-3B96-4017-8466-3D16F891696C}.Release|Any CPU.Build.0 = Release|Any CPU
	EndGlobalSection
	GlobalSection(SolutionProperties) = preSolution
		HideSolutionNode = FALSE
	EndGlobalSection
	GlobalSection(ExtensibilityGlobals) = postSolution
		SolutionGuid = {E0780A88-E552-4061-8DE6-20CF9FF29153}
	EndGlobalSection
EndGlobal
