
Microsoft Visual Studio Solution File, Format Version 12.00
# Visual Studio Version 16
VisualStudioVersion = 16.0.31112.23
MinimumVisualStudioVersion = 10.0.40219.1
Project("{9A19103F-16F7-4668-BE54-9A1E7A4F7556}") = "Heroes", "Heroes\Heroes.csproj", "{42D3F55B-703C-4455-AED5-F1B6911A7FF0}"
EndProject
Project("{9A19103F-16F7-4668-BE54-9A1E7A4F7556}") = "AngularRouterSample", "AngularRouterSample\AngularRouterSample.csproj", "{57215594-D7DE-47FC-9398-62B1A4BC64C6}"
EndProject
Project("{FAE04EC0-301F-11D3-BF4B-00C04F79EFBC}") = "Forms", "Forms\Forms.csproj", "{89A25DAF-047D-4F91-B6B1-D0F999A7A6B7}"
EndProject
Global
	GlobalSection(SolutionConfigurationPlatforms) = preSolution
		Debug|Any CPU = Debug|Any CPU
		Release|Any CPU = Release|Any CPU
	EndGlobalSection
	GlobalSection(ProjectConfigurationPlatforms) = postSolution
		{42D3F55B-703C-4455-AED5-F1B6911A7FF0}.Debug|Any CPU.ActiveCfg = Debug|Any CPU
		{42D3F55B-703C-4455-AED5-F1B6911A7FF0}.Debug|Any CPU.Build.0 = Debug|Any CPU
		{42D3F55B-703C-4455-AED5-F1B6911A7FF0}.Release|Any CPU.ActiveCfg = Release|Any CPU
		{42D3F55B-703C-4455-AED5-F1B6911A7FF0}.Release|Any CPU.Build.0 = Release|Any CPU
		{57215594-D7DE-47FC-9398-62B1A4BC64C6}.Debug|Any CPU.ActiveCfg = Debug|Any CPU
		{57215594-D7DE-47FC-9398-62B1A4BC64C6}.Debug|Any CPU.Build.0 = Debug|Any CPU
		{57215594-D7DE-47FC-9398-62B1A4BC64C6}.Release|Any CPU.ActiveCfg = Release|Any CPU
		{57215594-D7DE-47FC-9398-62B1A4BC64C6}.Release|Any CPU.Build.0 = Release|Any CPU
		{89A25DAF-047D-4F91-B6B1-D0F999A7A6B7}.Debug|Any CPU.ActiveCfg = Debug|Any CPU
		{89A25DAF-047D-4F91-B6B1-D0F999A7A6B7}.Debug|Any CPU.Build.0 = Debug|Any CPU
		{89A25DAF-047D-4F91-B6B1-D0F999A7A6B7}.Release|Any CPU.ActiveCfg = Release|Any CPU
		{89A25DAF-047D-4F91-B6B1-D0F999A7A6B7}.Release|Any CPU.Build.0 = Release|Any CPU
	EndGlobalSection
	GlobalSection(SolutionProperties) = preSolution
		HideSolutionNode = FALSE
	EndGlobalSection
	GlobalSection(ExtensibilityGlobals) = postSolution
		SolutionGuid = {E4979838-BABA-4073-9726-FE2623629488}
	EndGlobalSection
EndGlobal
